{
  "lockfileVersion": 1,
  "workspaces": {
    "": {
      "name": "browser-history",
      "devDependencies": {
        "@playwright/test": "^1.53.2",
        "playwright": "^1.53.2",
      },
    },
  },
  "packages": {
    "@playwright/test": ["@playwright/test@1.53.2", "", { "dependencies": { "playwright": "1.53.2" }, "bin": { "playwright": "cli.js" } }, "sha512-tEB2U5z74ebBeyfGNZ3Jfg29AnW+5HlWhvHtb/Mqco9pFdZU1ZLNdVb2UtB5CvmiilNr2ZfVH/qMmAROG/XTzw=="],

    "fsevents": ["fsevents@2.3.2", "", { "os": "darwin" }, "sha512-xiqMQR4xAeHTuB9uWm+fFRcIOgKBMiOBP+eXiyT7jsgVCq1bkVygt00oASowB7EdtpOHaaPgKt812P9ab+DDKA=="],

    "playwright": ["playwright@1.53.2", "", { "dependencies": { "playwright-core": "1.53.2" }, "optionalDependencies": { "fsevents": "2.3.2" }, "bin": { "playwright": "cli.js" } }, "sha512-6K/qQxVFuVQhRQhFsVZ9fGeatxirtrpPgxzBYWyZLEXJzqYwuL4fuNmfOfD5et1tJE4GScKyPNeLhZeRwuTU3A=="],

    "playwright-core": ["playwright-core@1.53.2", "", { "bin": { "playwright-core": "cli.js" } }, "sha512-ox/OytMy+2w1jcYEYlOo1Hhp8hZkLCximMTUTMBXjGUA1KoFfiSZ+DU+3a739jsPY0yoKH2TFy9S2fsJas8yAw=="],
  }
}
